// !$*UTF8*$!
{
	archiveVersion = 1;
	classes = {
	};
	objectVersion = 50;
	objects = {

/* Begin PBXBuildFile section */
		49211EB22645429900030249 /* AppDelegate.swift in Sources */ = {isa = PBXBuildFile; fileRef = 49211EB12645429900030249 /* AppDelegate.swift */; };
		49211EB42645429900030249 /* ViewController.swift in Sources */ = {isa = PBXBuildFile; fileRef = 49211EB32645429900030249 /* ViewController.swift */; };
		49211EB72645429900030249 /* Main.storyboard in Resources */ = {isa = PBXBuildFile; fileRef = 49211EB52645429900030249 /* Main.storyboard */; };
		49211EB92645429B00030249 /* Assets.xcassets in Resources */ = {isa = PBXBuildFile; fileRef = 49211EB82645429B00030249 /* Assets.xcassets */; };
		49211EBC2645429B00030249 /* LaunchScreen.storyboard in Resources */ = {isa = PBXBuildFile; fileRef = 49211EBA2645429B00030249 /* LaunchScreen.storyboard */; };
		49211EC72645429B00030249 /* TEST01Tests.swift in Sources */ = {isa = PBXBuildFile; fileRef = 49211EC62645429B00030249 /* TEST01Tests.swift */; };
		49211ED22645429B00030249 /* TEST01UITests.swift in Sources */ = {isa = PBXBuildFile; fileRef = 49211ED12645429B00030249 /* TEST01UITests.swift */; };
/* End PBXBuildFile section */

/* Begin PBXContainerItemProxy section */
		49211EC32645429B00030249 /* PBXContainerItemProxy */ = {
			isa = PBXContainerItemProxy;
			containerPortal = 49211EA62645429900030249 /* Project object */;
			proxyType = 1;
			remoteGlobalIDString = 49211EAD2645429900030249;
			remoteInfo = TEST01;
		};
		49211ECE2645429B00030249 /* PBXContainerItemProxy */ = {
			isa = PBXContainerItemProxy;
			containerPortal = 49211EA62645429900030249 /* Project object */;
			proxyType = 1;
			remoteGlobalIDString = 49211EAD2645429900030249;
			remoteInfo = TEST01;
		};
/* End PBXContainerItemProxy section */

/* Begin PBXFileReference section */
		49211EAE2645429900030249 /* TEST01.app */ = {isa = PBXFileReference; explicitFileType = wrapper.application; includeInIndex = 0; path = TEST01.app; sourceTree = BUILT_PRODUCTS_DIR; };
		49211EB12645429900030249 /* AppDelegate.swift */ = {isa = PBXFileReference; lastKnownFileType = sourcecode.swift; path = AppDelegate.swift; sourceTree = "<group>"; };
		49211EB32645429900030249 /* ViewController.swift */ = {isa = PBXFileReference; lastKnownFileType = sourcecode.swift; path = ViewController.swift; sourceTree = "<group>"; };
		49211EB62645429900030249 /* Base */ = {isa = PBXFileReference; lastKnownFileType = file.storyboard; name = Base; path = Base.lproj/Main.storyboard; sourceTree = "<group>"; };
		49211EB82645429B00030249 /* Assets.xcassets */ = {isa = PBXFileReference; lastKnownFileType = folder.assetcatalog; path = Assets.xcassets; sourceTree = "<group>"; };
		49211EBB2645429B00030249 /* Base */ = {isa = PBXFileReference; lastKnownFileType = file.storyboard; name = Base; path = Base.lproj/LaunchScreen.storyboard; sourceTree = "<group>"; };
		49211EBD2645429B00030249 /* Info.plist */ = {isa = PBXFileReference; lastKnownFileType = text.plist.xml; path = Info.plist; sourceTree = "<group>"; };
		49211EC22645429B00030249 /* TEST01Tests.xctest */ = {isa = PBXFileReference; explicitFileType = wrapper.cfbundle; includeInIndex = 0; path = TEST01Tests.xctest; sourceTree = BUILT_PRODUCTS_DIR; };
		49211EC62645429B00030249 /* TEST01Tests.swift */ = {isa = PBXFileReference; lastKnownFileType = sourcecode.swift; path = TEST01Tests.swift; sourceTree = "<group>"; };
		49211EC82645429B00030249 /* Info.plist */ = {isa = PBXFileReference; lastKnownFileType = text.plist.xml; path = Info.plist; sourceTree = "<group>"; };
		49211ECD2645429B00030249 /* TEST01UITests.xctest */ = {isa = PBXFileReference; explicitFileType = wrapper.cfbundle; includeInIndex = 0; path = TEST01UITests.xctest; sourceTree = BUILT_PRODUCTS_DIR; };
		49211ED12645429B00030249 /* TEST01UITests.swift */ = {isa = PBXFileReference; lastKnownFileType = sourcecode.swift; path = TEST01UITests.swift; sourceTree = "<group>"; };
		49211ED32645429B00030249 /* Info.plist */ = {isa = PBXFileReference; lastKnownFileType = text.plist.xml; path = Info.plist; sourceTree = "<group>"; };
/* End PBXFileReference section */

/* Begin PBXFrameworksBuildPhase section */
		49211EAB2645429900030249 /* Frameworks */ = {
			isa = PBXFrameworksBuildPhase;
			buildActionMask = 2147483647;
			files = (
			);
			runOnlyForDeploymentPostprocessing = 0;
		};
		49211EBF2645429B00030249 /* Frameworks */ = {
			isa = PBXFrameworksBuildPhase;
			buildActionMask = 2147483647;
			files = (
			);
			runOnlyForDeploymentPostprocessing = 0;
		};
		49211ECA2645429B00030249 /* Frameworks */ = {
			isa = PBXFrameworksBuildPhase;
			buildActionMask = 2147483647;
			files = (
			);
			runOnlyForDeploymentPostprocessing = 0;
		};
/* End PBXFrameworksBuildPhase section */

/* Begin PBXGroup section */
		49211EA52645429900030249 = {
			isa = PBXGroup;
			children = (
				49211EB02645429900030249 /* TEST01 */,
				49211EC52645429B00030249 /* TEST01Tests */,
				49211ED02645429B00030249 /* TEST01UITests */,
				49211EAF2645429900030249 /* Products */,
			);
			sourceTree = "<group>";
		};
		49211EAF2645429900030249 /* Products */ = {
			isa = PBXGroup;
			children = (
				49211EAE2645429900030249 /* TEST01.app */,
				49211EC22645429B00030249 /* TEST01Tests.xctest */,
				49211ECD2645429B00030249 /* TEST01UITests.xctest */,
			);
			name = Products;
			sourceTree = "<group>";
		};
		49211EB02645429900030249 /* TEST01 */ = {
			isa = PBXGroup;
			children = (
				49211EB12645429900030249 /* AppDelegate.swift */,
				49211EB32645429900030249 /* ViewController.swift */,
				49211EB52645429900030249 /* Main.storyboard */,
				49211EB82645429B00030249 /* Assets.xcassets */,
				49211EBA2645429B00030249 /* LaunchScreen.storyboard */,
				49211EBD2645429B00030249 /* Info.plist */,
			);
			path = TEST01;
			sourceTree = "<group>";
		};
		49211EC52645429B00030249 /* TEST01Tests */ = {
			isa = PBXGroup;
			children = (
				49211EC62645429B00030249 /* TEST01Tests.swift */,
				49211EC82645429B00030249 /* Info.plist */,
			);
			path = TEST01Tests;
			sourceTree = "<group>";
		};
		49211ED02645429B00030249 /* TEST01UITests */ = {
			isa = PBXGroup;
			children = (
				49211ED12645429B00030249 /* TEST01UITests.swift */,
				49211ED32645429B00030249 /* Info.plist */,
			);
			path = TEST01UITests;
			sourceTree = "<group>";
		};
/* End PBXGroup section */

/* Begin PBXNativeTarget section */
		49211EAD2645429900030249 /* TEST01 */ = {
			isa = PBXNativeTarget;
			buildConfigurationList = 49211ED62645429B00030249 /* Build configuration list for PBXNativeTarget "TEST01" */;
			buildPhases = (
				49211EAA2645429900030249 /* Sources */,
				49211EAB2645429900030249 /* Frameworks */,
				49211EAC2645429900030249 /* Resources */,
			);
			buildRules = (
			);
			dependencies = (
			);
			name = TEST01;
			productName = TEST01;
			productReference = 49211EAE2645429900030249 /* TEST01.app */;
			productType = "com.apple.product-type.application";
		};
		49211EC12645429B00030249 /* TEST01Tests */ = {
			isa = PBXNativeTarget;
			buildConfigurationList = 49211ED92645429B00030249 /* Build configuration list for PBXNativeTarget "TEST01Tests" */;
			buildPhases = (
				49211EBE2645429B00030249 /* Sources */,
				49211EBF2645429B00030249 /* Frameworks */,
				49211EC02645429B00030249 /* Resources */,
			);
			buildRules = (
			);
			dependencies = (
				49211EC42645429B00030249 /* PBXTargetDependency */,
			);
			name = TEST01Tests;
			productName = TEST01Tests;
			productReference = 49211EC22645429B00030249 /* TEST01Tests.xctest */;
			productType = "com.apple.product-type.bundle.unit-test";
		};
		49211ECC2645429B00030249 /* TEST01UITests */ = {
			isa = PBXNativeTarget;
			buildConfigurationList = 49211EDC2645429B00030249 /* Build configuration list for PBXNativeTarget "TEST01UITests" */;
			buildPhases = (
				49211EC92645429B00030249 /* Sources */,
				49211ECA2645429B00030249 /* Frameworks */,
				49211ECB2645429B00030249 /* Resources */,
			);
			buildRules = (
			);
			dependencies = (
				49211ECF2645429B00030249 /* PBXTargetDependency */,
			);
			name = TEST01UITests;
			productName = TEST01UITests;
			productReference = 49211ECD2645429B00030249 /* TEST01UITests.xctest */;
			productType = "com.apple.product-type.bundle.ui-testing";
		};
/* End PBXNativeTarget section */

/* Begin PBXProject section */
		49211EA62645429900030249 /* Project object */ = {
			isa = PBXProject;
			attributes = {
				LastSwiftUpdateCheck = 1030;
				LastUpgradeCheck = 1030;
				ORGANIZATIONNAME = "Kazuto Nakamura";
				TargetAttributes = {
					49211EAD2645429900030249 = {
						CreatedOnToolsVersion = 10.3;
					};
					49211EC12645429B00030249 = {
						CreatedOnToolsVersion = 10.3;
						TestTargetID = 49211EAD2645429900030249;
					};
					49211ECC2645429B00030249 = {
						CreatedOnToolsVersion = 10.3;
						TestTargetID = 49211EAD2645429900030249;
					};
				};
			};
			buildConfigurationList = 49211EA92645429900030249 /* Build configuration list for PBXProject "TEST01" */;
			compatibilityVersion = "Xcode 9.3";
			developmentRegion = en;
			hasScannedForEncodings = 0;
			knownRegions = (
				en,
				Base,
			);
			mainGroup = 49211EA52645429900030249;
			productRefGroup = 49211EAF2645429900030249 /* Products */;
			projectDirPath = "";
			projectRoot = "";
			targets = (
				49211EAD2645429900030249 /* TEST01 */,
				49211EC12645429B00030249 /* TEST01Tests */,
				49211ECC2645429B00030249 /* TEST01UITests */,
			);
		};
/* End PBXProject section */

/* Begin PBXResourcesBuildPhase section */
		49211EAC2645429900030249 /* Resources */ = {
			isa = PBXResourcesBuildPhase;
			buildActionMask = 2147483647;
			files = (
				49211EBC2645429B00030249 /* LaunchScreen.storyboard in Resources */,
				49211EB92645429B00030249 /* Assets.xcassets in Resources */,
				49211EB72645429900030249 /* Main.storyboard in Resources */,
			);
			runOnlyForDeploymentPostprocessing = 0;
		};
		49211EC02645429B00030249 /* Resources */ = {
			isa = PBXResourcesBuildPhase;
			buildActionMask = 2147483647;
			files = (
			);
			runOnlyForDeploymentPostprocessing = 0;
		};
		49211ECB2645429B00030249 /* Resources */ = {
			isa = PBXResourcesBuildPhase;
			buildActionMask = 2147483647;
			files = (
			);
			runOnlyForDeploymentPostprocessing = 0;
		};
/* End PBXResourcesBuildPhase section */

/* Begin PBXSourcesBuildPhase section */
		49211EAA2645429900030249 /* Sources */ = {
			isa = PBXSourcesBuildPhase;
			buildActionMask = 2147483647;
			files = (
				49211EB42645429900030249 /* ViewController.swift in Sources */,
				49211EB22645429900030249 /* AppDelegate.swift in Sources */,
			);
			runOnlyForDeploymentPostprocessing = 0;
		};
		49211EBE2645429B00030249 /* Sources */ = {
			isa = PBXSourcesBuildPhase;
			buildActionMask = 2147483647;
			files = (
				49211EC72645429B00030249 /* TEST01Tests.swift in Sources */,
			);
			runOnlyForDeploymentPostprocessing = 0;
		};
		49211EC92645429B00030249 /* Sources */ = {
			isa = PBXSourcesBuildPhase;
			buildActionMask = 2147483647;
			files = (
				49211ED22645429B00030249 /* TEST01UITests.swift in Sources */,
			);
			runOnlyForDeploymentPostprocessing = 0;
		};
/* End PBXSourcesBuildPhase section */

/* Begin PBXTargetDependency section */
		49211EC42645429B00030249 /* PBXTargetDependency */ = {
			isa = PBXTargetDependency;
			target = 49211EAD2645429900030249 /* TEST01 */;
			targetProxy = 49211EC32645429B00030249 /* PBXContainerItemProxy */;
		};
		49211ECF2645429B00030249 /* PBXTargetDependency */ = {
			isa = PBXTargetDependency;
			target = 49211EAD2645429900030249 /* TEST01 */;
			targetProxy = 49211ECE2645429B00030249 /* PBXContainerItemProxy */;
		};
/* End PBXTargetDependency section */

/* Begin PBXVariantGroup section */
		49211EB52645429900030249 /* Main.storyboard */ = {
			isa = PBXVariantGroup;
			children = (
				49211EB62645429900030249 /* Base */,
			);
			name = Main.storyboard;
			sourceTree = "<group>";
		};
		49211EBA2645429B00030249 /* LaunchScreen.storyboard */ = {
			isa = PBXVariantGroup;
			children = (
				49211EBB2645429B00030249 /* Base */,
			);
			name = LaunchScreen.storyboard;
			sourceTree = "<group>";
		};
/* End PBXVariantGroup section */

/* Begin XCBuildConfiguration section */
		49211ED42645429B00030249 /* Debug */ = {
			isa = XCBuildConfiguration;
			buildSettings = {
				ALWAYS_SEARCH_USER_PATHS = NO;
				CLANG_ANALYZER_NONNULL = YES;
				CLANG_ANALYZER_NUMBER_OBJECT_CONVERSION = YES_AGGRESSIVE;
				CLANG_CXX_LANGUAGE_STANDARD = "gnu++14";
				CLANG_CXX_LIBRARY = "libc++";
				CLANG_ENABLE_MODULES = YES;
				CLANG_ENABLE_OBJC_ARC = YES;
				CLANG_ENABLE_OBJC_WEAK = YES;
				CLANG_WARN_BLOCK_CAPTURE_AUTORELEASING = YES;
				CLANG_WARN_BOOL_CONVERSION = YES;
				CLANG_WARN_COMMA = YES;
				CLANG_WARN_CONSTANT_CONVERSION = YES;
				CLANG_WARN_DEPRECATED_OBJC_IMPLEMENTATIONS = YES;
				CLANG_WARN_DIRECT_OBJC_ISA_USAGE = YES_ERROR;
				CLANG_WARN_DOCUMENTATION_COMMENTS = YES;
				CLANG_WARN_EMPTY_BODY = YES;
				CLANG_WARN_ENUM_CONVERSION = YES;
				CLANG_WARN_INFINITE_RECURSION = YES;
				CLANG_WARN_INT_CONVERSION = YES;
				CLANG_WARN_NON_LITERAL_NULL_CONVERSION = YES;
				CLANG_WARN_OBJC_IMPLICIT_RETAIN_SELF = YES;
				CLANG_WARN_OBJC_LITERAL_CONVERSION = YES;
				CLANG_WARN_OBJC_ROOT_CLASS = YES_ERROR;
				CLANG_WARN_RANGE_LOOP_ANALYSIS = YES;
				CLANG_WARN_STRICT_PROTOTYPES = YES;
				CLANG_WARN_SUSPICIOUS_MOVE = YES;
				CLANG_WARN_UNGUARDED_AVAILABILITY = YES_AGGRESSIVE;
				CLANG_WARN_UNREACHABLE_CODE = YES;
				CLANG_WARN__DUPLICATE_METHOD_MATCH = YES;
				CODE_SIGN_IDENTITY = "iPhone Developer";
				COPY_PHASE_STRIP = NO;
				DEBUG_INFORMATION_FORMAT = dwarf;
				ENABLE_STRICT_OBJC_MSGSEND = YES;
				ENABLE_TESTABILITY = YES;
				GCC_C_LANGUAGE_STANDARD = gnu11;
				GCC_DYNAMIC_NO_PIC = NO;
				GCC_NO_COMMON_BLOCKS = YES;
				GCC_OPTIMIZATION_LEVEL = 0;
				GCC_PREPROCESSOR_DEFINITIONS = (
					"DEBUG=1",
					"$(inherited)",
				);
				GCC_WARN_64_TO_32_BIT_CONVERSION = YES;
				GCC_WARN_ABOUT_RETURN_TYPE = YES_ERROR;
				GCC_WARN_UNDECLARED_SELECTOR = YES;
				GCC_WARN_UNINITIALIZED_AUTOS = YES_AGGRESSIVE;
				GCC_WARN_UNUSED_FUNCTION = YES;
				GCC_WARN_UNUSED_VARIABLE = YES;
				IPHONEOS_DEPLOYMENT_TARGET = 12.4;
				MTL_ENABLE_DEBUG_INFO = INCLUDE_SOURCE;
				MTL_FAST_MATH = YES;
				ONLY_ACTIVE_ARCH = YES;
				SDKROOT = iphoneos;
				SWIFT_ACTIVE_COMPILATION_CONDITIONS = DEBUG;
				SWIFT_OPTIMIZATION_LEVEL = "-Onone";
			};
			name = Debug;
		};
		49211ED52645429B00030249 /* Release */ = {
			isa = XCBuildConfiguration;
			buildSettings = {
				ALWAYS_SEARCH_USER_PATHS = NO;
				CLANG_ANALYZER_NONNULL = YES;
				CLANG_ANALYZER_NUMBER_OBJECT_CONVERSION = YES_AGGRESSIVE;
				CLANG_CXX_LANGUAGE_STANDARD = "gnu++14";
				CLANG_CXX_LIBRARY = "libc++";
				CLANG_ENABLE_MODULES = YES;
				CLANG_ENABLE_OBJC_ARC = YES;
				CLANG_ENABLE_OBJC_WEAK = YES;
				CLANG_WARN_BLOCK_CAPTURE_AUTORELEASING = YES;
				CLANG_WARN_BOOL_CONVERSION = YES;
				CLANG_WARN_COMMA = YES;
				CLANG_WARN_CONSTANT_CONVERSION = YES;
				CLANG_WARN_DEPRECATED_OBJC_IMPLEMENTATIONS = YES;
				CLANG_WARN_DIRECT_OBJC_ISA_USAGE = YES_ERROR;
				CLANG_WARN_DOCUMENTATION_COMMENTS = YES;
				CLANG_WARN_EMPTY_BODY = YES;
				CLANG_WARN_ENUM_CONVERSION = YES;
				CLANG_WARN_INFINITE_RECURSION = YES;
				CLANG_WARN_INT_CONVERSION = YES;
				CLANG_WARN_NON_LITERAL_NULL_CONVERSION = YES;
				CLANG_WARN_OBJC_IMPLICIT_RETAIN_SELF = YES;
				CLANG_WARN_OBJC_LITERAL_CONVERSION = YES;
				CLANG_WARN_OBJC_ROOT_CLASS = YES_ERROR;
				CLANG_WARN_RANGE_LOOP_ANALYSIS = YES;
				CLANG_WARN_STRICT_PROTOTYPES = YES;
				CLANG_WARN_SUSPICIOUS_MOVE = YES;
				CLANG_WARN_UNGUARDED_AVAILABILITY = YES_AGGRESSIVE;
				CLANG_WARN_UNREACHABLE_CODE = YES;
				CLANG_WARN__DUPLICATE_METHOD_MATCH = YES;
				CODE_SIGN_IDENTITY = "iPhone Developer";
				COPY_PHASE_STRIP = NO;
				DEBUG_INFORMATION_FORMAT = "dwarf-with-dsym";
				ENABLE_NS_ASSERTIONS = NO;
				ENABLE_STRICT_OBJC_MSGSEND = YES;
				GCC_C_LANGUAGE_STANDARD = gnu11;
				GCC_NO_COMMON_BLOCKS = YES;
				GCC_WARN_64_TO_32_BIT_CONVERSION = YES;
				GCC_WARN_ABOUT_RETURN_TYPE = YES_ERROR;
				GCC_WARN_UNDECLARED_SELECTOR = YES;
				GCC_WARN_UNINITIALIZED_AUTOS = YES_AGGRESSIVE;
				GCC_WARN_UNUSED_FUNCTION = YES;
				GCC_WARN_UNUSED_VARIABLE = YES;
				IPHONEOS_DEPLOYMENT_TARGET = 12.4;
				MTL_ENABLE_DEBUG_INFO = NO;
				MTL_FAST_MATH = YES;
				SDKROOT = iphoneos;
				SWIFT_COMPILATION_MODE = wholemodule;
				SWIFT_OPTIMIZATION_LEVEL = "-O";
				VALIDATE_PRODUCT = YES;
			};
			name = Release;
		};
		49211ED72645429B00030249 /* Debug */ = {
			isa = XCBuildConfiguration;
			buildSettings = {
				ASSETCATALOG_COMPILER_APPICON_NAME = AppIcon;
				CODE_SIGN_STYLE = Automatic;
				INFOPLIST_FILE = TEST01/Info.plist;
				LD_RUNPATH_SEARCH_PATHS = (
					"$(inherited)",
					"@executable_path/Frameworks",
				);
				PRODUCT_BUNDLE_IDENTIFIER = TEST01.TEST01;
				PRODUCT_NAME = "$(TARGET_NAME)";
				SWIFT_VERSION = 5.0;
				TARGETED_DEVICE_FAMILY = "1,2";
			};
			name = Debug;
		};
		49211ED82645429B00030249 /* Release */ = {
			isa = XCBuildConfiguration;
			buildSettings = {
				ASSETCATALOG_COMPILER_APPICON_NAME = AppIcon;
				CODE_SIGN_STYLE = Automatic;
				INFOPLIST_FILE = TEST01/Info.plist;
				LD_RUNPATH_SEARCH_PATHS = (
					"$(inherited)",
					"@executable_path/Frameworks",
				);
				PRODUCT_BUNDLE_IDENTIFIER = TEST01.TEST01;
				PRODUCT_NAME = "$(TARGET_NAME)";
				SWIFT_VERSION = 5.0;
				TARGETED_DEVICE_FAMILY = "1,2";
			};
			name = Release;
		};
		49211EDA2645429B00030249 /* Debug */ = {
			isa = XCBuildConfiguration;
			buildSettings = {
				ALWAYS_EMBED_SWIFT_STANDARD_LIBRARIES = YES;
				BUNDLE_LOADER = "$(TEST_HOST)";
				CODE_SIGN_STYLE = Automatic;
				INFOPLIST_FILE = TEST01Tests/Info.plist;
				LD_RUNPATH_SEARCH_PATHS = (
					"$(inherited)",
					"@executable_path/Frameworks",
					"@loader_path/Frameworks",
				);
				PRODUCT_BUNDLE_IDENTIFIER = TEST01.TEST01Tests;
				PRODUCT_NAME = "$(TARGET_NAME)";
				SWIFT_VERSION = 5.0;
				TARGETED_DEVICE_FAMILY = "1,2";
				TEST_HOST = "$(BUILT_PRODUCTS_DIR)/TEST01.app/TEST01";
			};
			name = Debug;
		};
		49211EDB2645429B00030249 /* Release */ = {
			isa = XCBuildConfiguration;
			buildSettings = {
				ALWAYS_EMBED_SWIFT_STANDARD_LIBRARIES = YES;
				BUNDLE_LOADER = "$(TEST_HOST)";
				CODE_SIGN_STYLE = Automatic;
				INFOPLIST_FILE = TEST01Tests/Info.plist;
				LD_RUNPATH_SEARCH_PATHS = (
					"$(inherited)",
					"@executable_path/Frameworks",
					"@loader_path/Frameworks",
				);
				PRODUCT_BUNDLE_IDENTIFIER = TEST01.TEST01Tests;
				PRODUCT_NAME = "$(TARGET_NAME)";
				SWIFT_VERSION = 5.0;
				TARGETED_DEVICE_FAMILY = "1,2";
				TEST_HOST = "$(BUILT_PRODUCTS_DIR)/TEST01.app/TEST01";
			};
			name = Release;
		};
		49211EDD2645429B00030249 /* Debug */ = {
			isa = XCBuildConfiguration;
			buildSettings = {
				ALWAYS_EMBED_SWIFT_STANDARD_LIBRARIES = YES;
				CODE_SIGN_STYLE = Automatic;
				INFOPLIST_FILE = TEST01UITests/Info.plist;
				LD_RUNPATH_SEARCH_PATHS = (
					"$(inherited)",
					"@executable_path/Frameworks",
					"@loader_path/Frameworks",
				);
				PRODUCT_BUNDLE_IDENTIFIER = TEST01.TEST01UITests;
				PRODUCT_NAME = "$(TARGET_NAME)";
				SWIFT_VERSION = 5.0;
				TARGETED_DEVICE_FAMILY = "1,2";
				TEST_TARGET_NAME = TEST01;
			};
			name = Debug;
		};
		49211EDE2645429B00030249 /* Release */ = {
			isa = XCBuildConfiguration;
			buildSettings = {
				ALWAYS_EMBED_SWIFT_STANDARD_LIBRARIES = YES;
				CODE_SIGN_STYLE = Automatic;
				INFOPLIST_FILE = TEST01UITests/Info.plist;
				LD_RUNPATH_SEARCH_PATHS = (
					"$(inherited)",
					"@executable_path/Frameworks",
					"@loader_path/Frameworks",
				);
				PRODUCT_BUNDLE_IDENTIFIER = TEST01.TEST01UITests;
				PRODUCT_NAME = "$(TARGET_NAME)";
				SWIFT_VERSION = 5.0;
				TARGETED_DEVICE_FAMILY = "1,2";
				TEST_TARGET_NAME = TEST01;
			};
			name = Release;
		};
/* End XCBuildConfiguration section */

/* Begin XCConfigurationList section */
		49211EA92645429900030249 /* Build configuration list for PBXProject "TEST01" */ = {
			isa = XCConfigurationList;
			buildConfigurations = (
				49211ED42645429B00030249 /* Debug */,
				49211ED52645429B00030249 /* Release */,
			);
			defaultConfigurationIsVisible = 0;
			defaultConfigurationName = Release;
		};
		49211ED62645429B00030249 /* Build configuration list for PBXNativeTarget "TEST01" */ = {
			isa = XCConfigurationList;
			buildConfigurations = (
				49211ED72645429B00030249 /* Debug */,
				49211ED82645429B00030249 /* Release */,
			);
			defaultConfigurationIsVisible = 0;
			defaultConfigurationName = Release;
		};
		49211ED92645429B00030249 /* Build configuration list for PBXNativeTarget "TEST01Tests" */ = {
			isa = XCConfigurationList;
			buildConfigurations = (
				49211EDA2645429B00030249 /* Debug */,
				49211EDB2645429B00030249 /* Release */,
			);
			defaultConfigurationIsVisible = 0;
			defaultConfigurationName = Release;
		};
		49211EDC2645429B00030249 /* Build configuration list for PBXNativeTarget "TEST01UITests" */ = {
			isa = XCConfigurationList;
			buildConfigurations = (
				49211EDD2645429B00030249 /* Debug */,
				49211EDE2645429B00030249 /* Release */,
			);
			defaultConfigurationIsVisible = 0;
			defaultConfigurationName = Release;
		};
/* End XCConfigurationList section */
	};
	rootObject = 49211EA62645429900030249 /* Project object */;
}
